// !$*UTF8*$!
{
	archiveVersion = 1;
	classes = {
	};
	objectVersion = 50;
	objects = {

/* Begin PBXBuildFile section */
		4DCBE0771EA71272E99C3B7D /* Pods_BopBotAlpha.framework in Frameworks */ = {isa = PBXBuildFile; fileRef = 9A346DA501372098E4D09CB3 /* Pods_BopBotAlpha.framework */; };
		860B952E211675BF00A29696 /* GoogleService-Info.plist in Resources */ = {isa = PBXBuildFile; fileRef = 860B952D211675BE00A29696 /* GoogleService-Info.plist */; };
		86175DD4214A280400497E19 /* FirebaseApi.swift in Sources */ = {isa = PBXBuildFile; fileRef = 86175DD3214A280400497E19 /* FirebaseApi.swift */; };
		8618523321017D87005997AD /* AppDelegate.swift in Sources */ = {isa = PBXBuildFile; fileRef = 8618523221017D87005997AD /* AppDelegate.swift */; };
		8618523A21017D87005997AD /* Main.storyboard in Resources */ = {isa = PBXBuildFile; fileRef = 8618523821017D87005997AD /* Main.storyboard */; };
		8618523C21017D8A005997AD /* Assets.xcassets in Resources */ = {isa = PBXBuildFile; fileRef = 8618523B21017D8A005997AD /* Assets.xcassets */; };
		8618523F21017D8A005997AD /* LaunchScreen.storyboard in Resources */ = {isa = PBXBuildFile; fileRef = 8618523D21017D8A005997AD /* LaunchScreen.storyboard */; };
		8618524A21017E56005997AD /* AlbumCollectionViewCell.swift in Sources */ = {isa = PBXBuildFile; fileRef = 8618524621017E56005997AD /* AlbumCollectionViewCell.swift */; };
		8618524B21017E56005997AD /* ArtistSearchViewController.swift in Sources */ = {isa = PBXBuildFile; fileRef = 8618524721017E56005997AD /* ArtistSearchViewController.swift */; };
		8618524C21017E56005997AD /* SearchTableViewCell.swift in Sources */ = {isa = PBXBuildFile; fileRef = 8618524821017E56005997AD /* SearchTableViewCell.swift */; };
		8618524D21017E56005997AD /* ArtistDetailViewController.swift in Sources */ = {isa = PBXBuildFile; fileRef = 8618524921017E56005997AD /* ArtistDetailViewController.swift */; };
		861B6A4D210CEB4A00EC052F /* ProfileViewController.swift in Sources */ = {isa = PBXBuildFile; fileRef = 861B6A4C210CEB4A00EC052F /* ProfileViewController.swift */; };
		866B533D2109EBB0000C058E /* ArtistFeedViewController.swift in Sources */ = {isa = PBXBuildFile; fileRef = 866B533C2109EBB0000C058E /* ArtistFeedViewController.swift */; };
		866B53422109FB19000C058E /* AlbumTableViewCell.swift in Sources */ = {isa = PBXBuildFile; fileRef = 866B53412109FB19000C058E /* AlbumTableViewCell.swift */; };
		8678B32E211693AE009927F4 /* CodableArtist.swift in Sources */ = {isa = PBXBuildFile; fileRef = 8678B32D211693AE009927F4 /* CodableArtist.swift */; };
		867FA6FB21091CE900D8A096 /* Album.swift in Sources */ = {isa = PBXBuildFile; fileRef = 867FA6FA21091CE900D8A096 /* Album.swift */; };
		86ABB426210953D100658F21 /* HeaderArtistCollectionReusableView.swift in Sources */ = {isa = PBXBuildFile; fileRef = 86ABB425210953D100658F21 /* HeaderArtistCollectionReusableView.swift */; };
		86ABB42821096D2A00658F21 /* User.swift in Sources */ = {isa = PBXBuildFile; fileRef = 86ABB42721096D2A00658F21 /* User.swift */; };
		86ABB42A2109738E00658F21 /* Artist.swift in Sources */ = {isa = PBXBuildFile; fileRef = 86ABB4292109738E00658F21 /* Artist.swift */; };
/* End PBXBuildFile section */

/* Begin PBXFileReference section */
		3EF1EAACB90120D0F8F0F560 /* Pods-BopBotAlpha.debug.xcconfig */ = {isa = PBXFileReference; includeInIndex = 1; lastKnownFileType = text.xcconfig; name = "Pods-BopBotAlpha.debug.xcconfig"; path = "Pods/Target Support Files/Pods-BopBotAlpha/Pods-BopBotAlpha.debug.xcconfig"; sourceTree = "<group>"; };
		860B952D211675BE00A29696 /* GoogleService-Info.plist */ = {isa = PBXFileReference; fileEncoding = 4; lastKnownFileType = text.plist.xml; path = "GoogleService-Info.plist"; sourceTree = "<group>"; };
		86175DD3214A280400497E19 /* FirebaseApi.swift */ = {isa = PBXFileReference; lastKnownFileType = sourcecode.swift; path = FirebaseApi.swift; sourceTree = "<group>"; };
		8618522F21017D87005997AD /* BopBotAlpha.app */ = {isa = PBXFileReference; explicitFileType = wrapper.application; includeInIndex = 0; path = BopBotAlpha.app; sourceTree = BUILT_PRODUCTS_DIR; };
		8618523221017D87005997AD /* AppDelegate.swift */ = {isa = PBXFileReference; lastKnownFileType = sourcecode.swift; path = AppDelegate.swift; sourceTree = "<group>"; };
		8618523921017D87005997AD /* Base */ = {isa = PBXFileReference; lastKnownFileType = file.storyboard; name = Base; path = Base.lproj/Main.storyboard; sourceTree = "<group>"; };
		8618523B21017D8A005997AD /* Assets.xcassets */ = {isa = PBXFileReference; lastKnownFileType = folder.assetcatalog; path = Assets.xcassets; sourceTree = "<group>"; };
		8618523E21017D8A005997AD /* Base */ = {isa = PBXFileReference; lastKnownFileType = file.storyboard; name = Base; path = Base.lproj/LaunchScreen.storyboard; sourceTree = "<group>"; };
		8618524021017D8A005997AD /* Info.plist */ = {isa = PBXFileReference; lastKnownFileType = text.plist.xml; path = Info.plist; sourceTree = "<group>"; };
		8618524621017E56005997AD /* AlbumCollectionViewCell.swift */ = {isa = PBXFileReference; fileEncoding = 4; lastKnownFileType = sourcecode.swift; path = AlbumCollectionViewCell.swift; sourceTree = "<group>"; };
		8618524721017E56005997AD /* ArtistSearchViewController.swift */ = {isa = PBXFileReference; fileEncoding = 4; lastKnownFileType = sourcecode.swift; path = ArtistSearchViewController.swift; sourceTree = "<group>"; };
		8618524821017E56005997AD /* SearchTableViewCell.swift */ = {isa = PBXFileReference; fileEncoding = 4; lastKnownFileType = sourcecode.swift; path = SearchTableViewCell.swift; sourceTree = "<group>"; };
		8618524921017E56005997AD /* ArtistDetailViewController.swift */ = {isa = PBXFileReference; fileEncoding = 4; lastKnownFileType = sourcecode.swift; path = ArtistDetailViewController.swift; sourceTree = "<group>"; };
		861B6A4C210CEB4A00EC052F /* ProfileViewController.swift */ = {isa = PBXFileReference; lastKnownFileType = sourcecode.swift; path = ProfileViewController.swift; sourceTree = "<group>"; };
		866B533C2109EBB0000C058E /* ArtistFeedViewController.swift */ = {isa = PBXFileReference; lastKnownFileType = sourcecode.swift; path = ArtistFeedViewController.swift; sourceTree = "<group>"; };
		866B53412109FB19000C058E /* AlbumTableViewCell.swift */ = {isa = PBXFileReference; lastKnownFileType = sourcecode.swift; path = AlbumTableViewCell.swift; sourceTree = "<group>"; };
		8678B32D211693AE009927F4 /* CodableArtist.swift */ = {isa = PBXFileReference; lastKnownFileType = sourcecode.swift; path = CodableArtist.swift; sourceTree = "<group>"; };
		867FA6FA21091CE900D8A096 /* Album.swift */ = {isa = PBXFileReference; fileEncoding = 4; lastKnownFileType = sourcecode.swift; path = Album.swift; sourceTree = "<group>"; };
		86ABB425210953D100658F21 /* HeaderArtistCollectionReusableView.swift */ = {isa = PBXFileReference; lastKnownFileType = sourcecode.swift; path = HeaderArtistCollectionReusableView.swift; sourceTree = "<group>"; };
		86ABB42721096D2A00658F21 /* User.swift */ = {isa = PBXFileReference; lastKnownFileType = sourcecode.swift; path = User.swift; sourceTree = "<group>"; };
		86ABB4292109738E00658F21 /* Artist.swift */ = {isa = PBXFileReference; lastKnownFileType = sourcecode.swift; path = Artist.swift; sourceTree = "<group>"; };
		9A346DA501372098E4D09CB3 /* Pods_BopBotAlpha.framework */ = {isa = PBXFileReference; explicitFileType = wrapper.framework; includeInIndex = 0; path = Pods_BopBotAlpha.framework; sourceTree = BUILT_PRODUCTS_DIR; };
		B3CFF5543467DF9C6602C880 /* Pods-BopBotAlpha.release.xcconfig */ = {isa = PBXFileReference; includeInIndex = 1; lastKnownFileType = text.xcconfig; name = "Pods-BopBotAlpha.release.xcconfig"; path = "Pods/Target Support Files/Pods-BopBotAlpha/Pods-BopBotAlpha.release.xcconfig"; sourceTree = "<group>"; };
/* End PBXFileReference section */

/* Begin PBXFrameworksBuildPhase section */
		8618522C21017D87005997AD /* Frameworks */ = {
			isa = PBXFrameworksBuildPhase;
			buildActionMask = 2147483647;
			files = (
				4DCBE0771EA71272E99C3B7D /* Pods_BopBotAlpha.framework in Frameworks */,
			);
			runOnlyForDeploymentPostprocessing = 0;
		};
/* End PBXFrameworksBuildPhase section */

/* Begin PBXGroup section */
		35089B62F0BE93DB604B976F /* Frameworks */ = {
			isa = PBXGroup;
			children = (
				9A346DA501372098E4D09CB3 /* Pods_BopBotAlpha.framework */,
			);
			name = Frameworks;
			sourceTree = "<group>";
		};
		8618522621017D87005997AD = {
			isa = PBXGroup;
			children = (
				8618523121017D87005997AD /* BopBotAlpha */,
				8618523021017D87005997AD /* Products */,
				B56119BF3F933F2F73A20AE2 /* Pods */,
				35089B62F0BE93DB604B976F /* Frameworks */,
			);
			sourceTree = "<group>";
		};
		8618523021017D87005997AD /* Products */ = {
			isa = PBXGroup;
			children = (
				8618522F21017D87005997AD /* BopBotAlpha.app */,
			);
			name = Products;
			sourceTree = "<group>";
		};
		8618523121017D87005997AD /* BopBotAlpha */ = {
			isa = PBXGroup;
			children = (
				866B533E2109EC0D000C058E /* ViewControllers */,
				866B533F2109EC3E000C058E /* Model */,
				866B53402109F52C000C058E /* Views */,
				8618523221017D87005997AD /* AppDelegate.swift */,
				86ABB42721096D2A00658F21 /* User.swift */,
				86175DD3214A280400497E19 /* FirebaseApi.swift */,
				8618523821017D87005997AD /* Main.storyboard */,
				8618523B21017D8A005997AD /* Assets.xcassets */,
				8618523D21017D8A005997AD /* LaunchScreen.storyboard */,
				8618524021017D8A005997AD /* Info.plist */,
				860B952D211675BE00A29696 /* GoogleService-Info.plist */,
			);
			path = BopBotAlpha;
			sourceTree = "<group>";
		};
		866B533E2109EC0D000C058E /* ViewControllers */ = {
			isa = PBXGroup;
			children = (
				8618524921017E56005997AD /* ArtistDetailViewController.swift */,
				8618524721017E56005997AD /* ArtistSearchViewController.swift */,
				866B533C2109EBB0000C058E /* ArtistFeedViewController.swift */,
				861B6A4C210CEB4A00EC052F /* ProfileViewController.swift */,
			);
			path = ViewControllers;
			sourceTree = "<group>";
		};
		866B533F2109EC3E000C058E /* Model */ = {
			isa = PBXGroup;
			children = (
				86ABB4292109738E00658F21 /* Artist.swift */,
				867FA6FA21091CE900D8A096 /* Album.swift */,
				8678B32D211693AE009927F4 /* CodableArtist.swift */,
			);
			path = Model;
			sourceTree = "<group>";
		};
		866B53402109F52C000C058E /* Views */ = {
			isa = PBXGroup;
			children = (
				8618524621017E56005997AD /* AlbumCollectionViewCell.swift */,
				8618524821017E56005997AD /* SearchTableViewCell.swift */,
				866B53412109FB19000C058E /* AlbumTableViewCell.swift */,
				86ABB425210953D100658F21 /* HeaderArtistCollectionReusableView.swift */,
			);
			path = Views;
			sourceTree = "<group>";
		};
		B56119BF3F933F2F73A20AE2 /* Pods */ = {
			isa = PBXGroup;
			children = (
				3EF1EAACB90120D0F8F0F560 /* Pods-BopBotAlpha.debug.xcconfig */,
				B3CFF5543467DF9C6602C880 /* Pods-BopBotAlpha.release.xcconfig */,
			);
			name = Pods;
			sourceTree = "<group>";
		};
/* End PBXGroup section */

/* Begin PBXNativeTarget section */
		8618522E21017D87005997AD /* BopBotAlpha */ = {
			isa = PBXNativeTarget;
			buildConfigurationList = 8618524321017D8A005997AD /* Build configuration list for PBXNativeTarget "BopBotAlpha" */;
			buildPhases = (
				757E579111122E5960E16B28 /* [CP] Check Pods Manifest.lock */,
				8618522B21017D87005997AD /* Sources */,
				8618522C21017D87005997AD /* Frameworks */,
				8618522D21017D87005997AD /* Resources */,
				09CAA378EA8D541578510DB7 /* [CP] Embed Pods Frameworks */,
			);
			buildRules = (
			);
			dependencies = (
			);
			name = BopBotAlpha;
			productName = BopBotAlpha;
			productReference = 8618522F21017D87005997AD /* BopBotAlpha.app */;
			productType = "com.apple.product-type.application";
		};
/* End PBXNativeTarget section */

/* Begin PBXProject section */
		8618522721017D87005997AD /* Project object */ = {
			isa = PBXProject;
			attributes = {
				LastSwiftUpdateCheck = 0940;
				LastUpgradeCheck = 0940;
				ORGANIZATIONNAME = "Piper Ward";
				TargetAttributes = {
					8618522E21017D87005997AD = {
						CreatedOnToolsVersion = 9.4.1;
					};
				};
			};
			buildConfigurationList = 8618522A21017D87005997AD /* Build configuration list for PBXProject "BopBotAlpha" */;
			compatibilityVersion = "Xcode 9.3";
			developmentRegion = en;
			hasScannedForEncodings = 0;
			knownRegions = (
				en,
				Base,
			);
			mainGroup = 8618522621017D87005997AD;
			productRefGroup = 8618523021017D87005997AD /* Products */;
			projectDirPath = "";
			projectRoot = "";
			targets = (
				8618522E21017D87005997AD /* BopBotAlpha */,
			);
		};
/* End PBXProject section */

/* Begin PBXResourcesBuildPhase section */
		8618522D21017D87005997AD /* Resources */ = {
			isa = PBXResourcesBuildPhase;
			buildActionMask = 2147483647;
			files = (
				8618523F21017D8A005997AD /* LaunchScreen.storyboard in Resources */,
				860B952E211675BF00A29696 /* GoogleService-Info.plist in Resources */,
				8618523C21017D8A005997AD /* Assets.xcassets in Resources */,
				8618523A21017D87005997AD /* Main.storyboard in Resources */,
			);
			runOnlyForDeploymentPostprocessing = 0;
		};
/* End PBXResourcesBuildPhase section */

/* Begin PBXShellScriptBuildPhase section */
		09CAA378EA8D541578510DB7 /* [CP] Embed Pods Frameworks */ = {
			isa = PBXShellScriptBuildPhase;
			buildActionMask = 2147483647;
			files = (
			);
			inputPaths = (
				"${SRCROOT}/Pods/Target Support Files/Pods-BopBotAlpha/Pods-BopBotAlpha-frameworks.sh",
				"${BUILT_PRODUCTS_DIR}/GTMSessionFetcher/GTMSessionFetcher.framework",
				"${BUILT_PRODUCTS_DIR}/GoogleUtilities/GoogleUtilities.framework",
				"${BUILT_PRODUCTS_DIR}/leveldb-library/leveldb.framework",
				"${BUILT_PRODUCTS_DIR}/nanopb/nanopb.framework",
			);
			name = "[CP] Embed Pods Frameworks";
			outputPaths = (
				"${TARGET_BUILD_DIR}/${FRAMEWORKS_FOLDER_PATH}/GTMSessionFetcher.framework",
				"${TARGET_BUILD_DIR}/${FRAMEWORKS_FOLDER_PATH}/GoogleUtilities.framework",
				"${TARGET_BUILD_DIR}/${FRAMEWORKS_FOLDER_PATH}/leveldb.framework",
				"${TARGET_BUILD_DIR}/${FRAMEWORKS_FOLDER_PATH}/nanopb.framework",
			);
			runOnlyForDeploymentPostprocessing = 0;
			shellPath = /bin/sh;
			shellScript = "\"${SRCROOT}/Pods/Target Support Files/Pods-BopBotAlpha/Pods-BopBotAlpha-frameworks.sh\"\n";
			showEnvVarsInLog = 0;
		};
		757E579111122E5960E16B28 /* [CP] Check Pods Manifest.lock */ = {
			isa = PBXShellScriptBuildPhase;
			buildActionMask = 2147483647;
			files = (
			);
			inputPaths = (
				"${PODS_PODFILE_DIR_PATH}/Podfile.lock",
				"${PODS_ROOT}/Manifest.lock",
			);
			name = "[CP] Check Pods Manifest.lock";
			outputPaths = (
				"$(DERIVED_FILE_DIR)/Pods-BopBotAlpha-checkManifestLockResult.txt",
			);
			runOnlyForDeploymentPostprocessing = 0;
			shellPath = /bin/sh;
			shellScript = "diff \"${PODS_PODFILE_DIR_PATH}/Podfile.lock\" \"${PODS_ROOT}/Manifest.lock\" > /dev/null\nif [ $? != 0 ] ; then\n    # print error to STDERR\n    echo \"error: The sandbox is not in sync with the Podfile.lock. Run 'pod install' or update your CocoaPods installation.\" >&2\n    exit 1\nfi\n# This output is used by Xcode 'outputs' to avoid re-running this script phase.\necho \"SUCCESS\" > \"${SCRIPT_OUTPUT_FILE_0}\"\n";
			showEnvVarsInLog = 0;
		};
/* End PBXShellScriptBuildPhase section */

/* Begin PBXSourcesBuildPhase section */
		8618522B21017D87005997AD /* Sources */ = {
			isa = PBXSourcesBuildPhase;
			buildActionMask = 2147483647;
			files = (
				8678B32E211693AE009927F4 /* CodableArtist.swift in Sources */,
				8618524A21017E56005997AD /* AlbumCollectionViewCell.swift in Sources */,
				8618523321017D87005997AD /* AppDelegate.swift in Sources */,
				8618524C21017E56005997AD /* SearchTableViewCell.swift in Sources */,
				866B53422109FB19000C058E /* AlbumTableViewCell.swift in Sources */,
				867FA6FB21091CE900D8A096 /* Album.swift in Sources */,
				8618524D21017E56005997AD /* ArtistDetailViewController.swift in Sources */,
				861B6A4D210CEB4A00EC052F /* ProfileViewController.swift in Sources */,
				86ABB426210953D100658F21 /* HeaderArtistCollectionReusableView.swift in Sources */,
				86ABB42821096D2A00658F21 /* User.swift in Sources */,
				8618524B21017E56005997AD /* ArtistSearchViewController.swift in Sources */,
				86ABB42A2109738E00658F21 /* Artist.swift in Sources */,
				866B533D2109EBB0000C058E /* ArtistFeedViewController.swift in Sources */,
				86175DD4214A280400497E19 /* FirebaseApi.swift in Sources */,
			);
			runOnlyForDeploymentPostprocessing = 0;
		};
/* End PBXSourcesBuildPhase section */

/* Begin PBXVariantGroup section */
		8618523821017D87005997AD /* Main.storyboard */ = {
			isa = PBXVariantGroup;
			children = (
				8618523921017D87005997AD /* Base */,
			);
			name = Main.storyboard;
			sourceTree = "<group>";
		};
		8618523D21017D8A005997AD /* LaunchScreen.storyboard */ = {
			isa = PBXVariantGroup;
			children = (
				8618523E21017D8A005997AD /* Base */,
			);
			name = LaunchScreen.storyboard;
			sourceTree = "<group>";
		};
/* End PBXVariantGroup section */

/* Begin XCBuildConfiguration section */
		8618524121017D8A005997AD /* Debug */ = {
			isa = XCBuildConfiguration;
			buildSettings = {
				ALWAYS_SEARCH_USER_PATHS = NO;
				CLANG_ANALYZER_NONNULL = YES;
				CLANG_ANALYZER_NUMBER_OBJECT_CONVERSION = YES_AGGRESSIVE;
				CLANG_CXX_LANGUAGE_STANDARD = "gnu++14";
				CLANG_CXX_LIBRARY = "libc++";
				CLANG_ENABLE_MODULES = YES;
				CLANG_ENABLE_OBJC_ARC = YES;
				CLANG_ENABLE_OBJC_WEAK = YES;
				CLANG_WARN_BLOCK_CAPTURE_AUTORELEASING = YES;
				CLANG_WARN_BOOL_CONVERSION = YES;
				CLANG_WARN_COMMA = YES;
				CLANG_WARN_CONSTANT_CONVERSION = YES;
				CLANG_WARN_DEPRECATED_OBJC_IMPLEMENTATIONS = YES;
				CLANG_WARN_DIRECT_OBJC_ISA_USAGE = YES_ERROR;
				CLANG_WARN_DOCUMENTATION_COMMENTS = YES;
				CLANG_WARN_EMPTY_BODY = YES;
				CLANG_WARN_ENUM_CONVERSION = YES;
				CLANG_WARN_INFINITE_RECURSION = YES;
				CLANG_WARN_INT_CONVERSION = YES;
				CLANG_WARN_NON_LITERAL_NULL_CONVERSION = YES;
				CLANG_WARN_OBJC_IMPLICIT_RETAIN_SELF = YES;
				CLANG_WARN_OBJC_LITERAL_CONVERSION = YES;
				CLANG_WARN_OBJC_ROOT_CLASS = YES_ERROR;
				CLANG_WARN_RANGE_LOOP_ANALYSIS = YES;
				CLANG_WARN_STRICT_PROTOTYPES = YES;
				CLANG_WARN_SUSPICIOUS_MOVE = YES;
				CLANG_WARN_UNGUARDED_AVAILABILITY = YES_AGGRESSIVE;
				CLANG_WARN_UNREACHABLE_CODE = YES;
				CLANG_WARN__DUPLICATE_METHOD_MATCH = YES;
				CODE_SIGN_IDENTITY = "iPhone Developer";
				COPY_PHASE_STRIP = NO;
				DEBUG_INFORMATION_FORMAT = dwarf;
				ENABLE_STRICT_OBJC_MSGSEND = YES;
				ENABLE_TESTABILITY = YES;
				GCC_C_LANGUAGE_STANDARD = gnu11;
				GCC_DYNAMIC_NO_PIC = NO;
				GCC_NO_COMMON_BLOCKS = YES;
				GCC_OPTIMIZATION_LEVEL = 0;
				GCC_PREPROCESSOR_DEFINITIONS = (
					"DEBUG=1",
					"$(inherited)",
				);
				GCC_WARN_64_TO_32_BIT_CONVERSION = YES;
				GCC_WARN_ABOUT_RETURN_TYPE = YES_ERROR;
				GCC_WARN_UNDECLARED_SELECTOR = YES;
				GCC_WARN_UNINITIALIZED_AUTOS = YES_AGGRESSIVE;
				GCC_WARN_UNUSED_FUNCTION = YES;
				GCC_WARN_UNUSED_VARIABLE = YES;
				IPHONEOS_DEPLOYMENT_TARGET = 11.4;
				MTL_ENABLE_DEBUG_INFO = YES;
				ONLY_ACTIVE_ARCH = YES;
				SDKROOT = iphoneos;
				SWIFT_ACTIVE_COMPILATION_CONDITIONS = DEBUG;
				SWIFT_OPTIMIZATION_LEVEL = "-Onone";
			};
			name = Debug;
		};
		8618524221017D8A005997AD /* Release */ = {
			isa = XCBuildConfiguration;
			buildSettings = {
				ALWAYS_SEARCH_USER_PATHS = NO;
				CLANG_ANALYZER_NONNULL = YES;
				CLANG_ANALYZER_NUMBER_OBJECT_CONVERSION = YES_AGGRESSIVE;
				CLANG_CXX_LANGUAGE_STANDARD = "gnu++14";
				CLANG_CXX_LIBRARY = "libc++";
				CLANG_ENABLE_MODULES = YES;
				CLANG_ENABLE_OBJC_ARC = YES;
				CLANG_ENABLE_OBJC_WEAK = YES;
				CLANG_WARN_BLOCK_CAPTURE_AUTORELEASING = YES;
				CLANG_WARN_BOOL_CONVERSION = YES;
				CLANG_WARN_COMMA = YES;
				CLANG_WARN_CONSTANT_CONVERSION = YES;
				CLANG_WARN_DEPRECATED_OBJC_IMPLEMENTATIONS = YES;
				CLANG_WARN_DIRECT_OBJC_ISA_USAGE = YES_ERROR;
				CLANG_WARN_DOCUMENTATION_COMMENTS = YES;
				CLANG_WARN_EMPTY_BODY = YES;
				CLANG_WARN_ENUM_CONVERSION = YES;
				CLANG_WARN_INFINITE_RECURSION = YES;
				CLANG_WARN_INT_CONVERSION = YES;
				CLANG_WARN_NON_LITERAL_NULL_CONVERSION = YES;
				CLANG_WARN_OBJC_IMPLICIT_RETAIN_SELF = YES;
				CLANG_WARN_OBJC_LITERAL_CONVERSION = YES;
				CLANG_WARN_OBJC_ROOT_CLASS = YES_ERROR;
				CLANG_WARN_RANGE_LOOP_ANALYSIS = YES;
				CLANG_WARN_STRICT_PROTOTYPES = YES;
				CLANG_WARN_SUSPICIOUS_MOVE = YES;
				CLANG_WARN_UNGUARDED_AVAILABILITY = YES_AGGRESSIVE;
				CLANG_WARN_UNREACHABLE_CODE = YES;
				CLANG_WARN__DUPLICATE_METHOD_MATCH = YES;
				CODE_SIGN_IDENTITY = "iPhone Developer";
				COPY_PHASE_STRIP = NO;
				DEBUG_INFORMATION_FORMAT = "dwarf-with-dsym";
				ENABLE_NS_ASSERTIONS = NO;
				ENABLE_STRICT_OBJC_MSGSEND = YES;
				GCC_C_LANGUAGE_STANDARD = gnu11;
				GCC_NO_COMMON_BLOCKS = YES;
				GCC_WARN_64_TO_32_BIT_CONVERSION = YES;
				GCC_WARN_ABOUT_RETURN_TYPE = YES_ERROR;
				GCC_WARN_UNDECLARED_SELECTOR = YES;
				GCC_WARN_UNINITIALIZED_AUTOS = YES_AGGRESSIVE;
				GCC_WARN_UNUSED_FUNCTION = YES;
				GCC_WARN_UNUSED_VARIABLE = YES;
				IPHONEOS_DEPLOYMENT_TARGET = 11.4;
				MTL_ENABLE_DEBUG_INFO = NO;
				SDKROOT = iphoneos;
				SWIFT_COMPILATION_MODE = wholemodule;
				SWIFT_OPTIMIZATION_LEVEL = "-O";
				VALIDATE_PRODUCT = YES;
			};
			name = Release;
		};
		8618524421017D8A005997AD /* Debug */ = {
			isa = XCBuildConfiguration;
			baseConfigurationReference = 3EF1EAACB90120D0F8F0F560 /* Pods-BopBotAlpha.debug.xcconfig */;
			buildSettings = {
				ASSETCATALOG_COMPILER_APPICON_NAME = AppIcon;
				CODE_SIGN_STYLE = Automatic;
				DEVELOPMENT_TEAM = ES2M475LSA;
				INFOPLIST_FILE = BopBotAlpha/Info.plist;
				LD_RUNPATH_SEARCH_PATHS = (
					"$(inherited)",
					"@executable_path/Frameworks",
				);
				PRODUCT_BUNDLE_IDENTIFIER = utcs.BopBotAlpha;
				PRODUCT_NAME = "$(TARGET_NAME)";
				SWIFT_VERSION = 4.0;
				TARGETED_DEVICE_FAMILY = "1,2";
			};
			name = Debug;
		};
		8618524521017D8A005997AD /* Release */ = {
			isa = XCBuildConfiguration;
			baseConfigurationReference = B3CFF5543467DF9C6602C880 /* Pods-BopBotAlpha.release.xcconfig */;
			buildSettings = {
				ASSETCATALOG_COMPILER_APPICON_NAME = AppIcon;
				CODE_SIGN_STYLE = Automatic;
				DEVELOPMENT_TEAM = ES2M475LSA;
				INFOPLIST_FILE = BopBotAlpha/Info.plist;
				LD_RUNPATH_SEARCH_PATHS = (
					"$(inherited)",
					"@executable_path/Frameworks",
				);
				PRODUCT_BUNDLE_IDENTIFIER = utcs.BopBotAlpha;
				PRODUCT_NAME = "$(TARGET_NAME)";
				SWIFT_VERSION = 4.0;
				TARGETED_DEVICE_FAMILY = "1,2";
			};
			name = Release;
		};
/* End XCBuildConfiguration section */

/* Begin XCConfigurationList section */
		8618522A21017D87005997AD /* Build configuration list for PBXProject "BopBotAlpha" */ = {
			isa = XCConfigurationList;
			buildConfigurations = (
				8618524121017D8A005997AD /* Debug */,
				8618524221017D8A005997AD /* Release */,
			);
			defaultConfigurationIsVisible = 0;
			defaultConfigurationName = Release;
		};
		8618524321017D8A005997AD /* Build configuration list for PBXNativeTarget "BopBotAlpha" */ = {
			isa = XCConfigurationList;
			buildConfigurations = (
				8618524421017D8A005997AD /* Debug */,
				8618524521017D8A005997AD /* Release */,
			);
			defaultConfigurationIsVisible = 0;
			defaultConfigurationName = Release;
		};
/* End XCConfigurationList section */
	};
	rootObject = 8618522721017D87005997AD /* Project object */;
}
